Microsoft Visual Studio Solution File, Format Version 12.00
# Visual Studio Version 17
Project("{9A19103F-16F7-4668-BE54-9A1E7A4F7556}") = "Estates.Web", "src\Estates.Web\Estates.Web.csproj", "{3F1A2B4C-5D6E-4F70-8A91-B2C3D4E5F601}"
EndProject
Project("{9A19103F-16F7-4668-BE54-9A1E7A4F7556}") = "Estates.Tests", "tests\Estates.Tests\Estates.Tests.csproj", "{7C8D9E0F-1A2B-4C3D-9E4F-5A6B7C8D9E02}"
EndProject
Global
	GlobalSection(SolutionConfigurationPlatforms) = preSolution
		Debug|Any CPU = Debug|Any CPU
		Release|Any CPU = Release|Any CPU
	EndGlobalSection
	GlobalSection(ProjectConfigurationPlatforms) = postSolution
		{3F1A2B4C-5D6E-4F70-8A91-B2C3D4E5F601}.Debug|Any CPU.ActiveCfg = Debug|Any CPU
		{3F1A2B4C-5D6E-4F70-8A91-B2C3D4E5F601}.Debug|Any CPU.Build.0 = Debug|Any CPU
		{7C8D9E0F-1A2B-4C3D-9E4F-5A6B7C8D9E02}.Debug|Any CPU.ActiveCfg = Debug|Any CPU
		{7C8D9E0F-1A2B-4C3D-9E4F-5A6B7C8D9E02}.Debug|Any CPU.Build.0 = Debug|Any CPU
	EndGlobalSection
EndGlobal
